
Microsoft Visual Studio Solution File, Format Version 12.00
# Visual Studio Version 17
VisualStudioVersion = 17.8.34322.80
MinimumVisualStudioVersion = 10.0.40219.1
Project("{FAE04EC0-301F-11D3-BF4B-00C04F79EFBC}") = "ILEARN", "ILEARN.csproj", "{EEA2BF7F-2230-4604-B04F-89C586E03D8C}"
EndProject
Global
	GlobalSection(SolutionConfigurationPlatforms) = preSolution
		Debug|Any CPU = Debug|Any CPU
		Release|Any CPU = Release|Any CPU
	EndGlobalSection
	GlobalSection(ProjectConfigurationPlatforms) = postSolution
		{EEA2BF7F-2230-4604-B04F-89C586E03D8C}.Debug|Any CPU.ActiveCfg = Debug|Any CPU
		{EEA2BF7F-2230-4604-B04F-89C586E03D8C}.Debug|Any CPU.Build.0 = Debug|Any CPU
		{EEA2BF7F-2230-4604-B04F-89C586E03D8C}.Release|Any CPU.ActiveCfg = Release|Any CPU
		{EEA2BF7F-2230-4604-B04F-89C586E03D8C}.Release|Any CPU.Build.0 = Release|Any CPU
	EndGlobalSection
	GlobalSection(SolutionProperties) = preSolution
		HideSolutionNode = FALSE
	EndGlobalSection
	GlobalSection(ExtensibilityGlobals) = postSolution
		SolutionGuid = {32354634-7C50-4159-9C8F-49808812C092}
	EndGlobalSection
EndGlobal
